
Microsoft Visual Studio Solution File, Format Version 12.00
# Visual Studio Version 16
VisualStudioVersion = 16.0.29519.181
MinimumVisualStudioVersion = 10.0.40219.1
Project("{FAE04EC0-301F-11D3-BF4B-00C04F79EFBC}") = "EasyModbus_WPF", "EasyModbus_WPF.csproj", "{5A5CD5ED-6854-45EF-9AC8-65035F33ACDF}"
EndProject
Global
	GlobalSection(SolutionConfigurationPlatforms) = preSolution
		Debug|Any CPU = Debug|Any CPU
		Release|Any CPU = Release|Any CPU
	EndGlobalSection
	GlobalSection(ProjectConfigurationPlatforms) = postSolution
		{5A5CD5ED-6854-45EF-9AC8-65035F33ACDF}.Debug|Any CPU.ActiveCfg = Debug|Any CPU
		{5A5CD5ED-6854-45EF-9AC8-65035F33ACDF}.Debug|Any CPU.Build.0 = Debug|Any CPU
		{5A5CD5ED-6854-45EF-9AC8-65035F33ACDF}.Release|Any CPU.ActiveCfg = Release|Any CPU
		{5A5CD5ED-6854-45EF-9AC8-65035F33ACDF}.Release|Any CPU.Build.0 = Release|Any CPU
	EndGlobalSection
	GlobalSection(SolutionProperties) = preSolution
		HideSolutionNode = FALSE
	EndGlobalSection
	GlobalSection(ExtensibilityGlobals) = postSolution
		SolutionGuid = {C679BEB0-1A02-4D0C-A45D-179D856EF74C}
	EndGlobalSection
EndGlobal
